
Microsoft Visual Studio Solution File, Format Version 12.00
# Visual Studio Version 16
VisualStudioVersion = 16.0.31005.135
MinimumVisualStudioVersion = 10.0.40219.1
Project("{2150E333-8FDC-42A3-9474-1A3956D46DE8}") = "Application", "Application", "{3D864925-5C25-41BF-AA2A-9F8D38ECBC2C}"
EndProject
Project("{2150E333-8FDC-42A3-9474-1A3956D46DE8}") = "Domain", "Domain", "{0E54C4BA-53BE-439C-8536-D9412A019678}"
EndProject
Project("{2150E333-8FDC-42A3-9474-1A3956D46DE8}") = "Presentation", "Presentation", "{AA01D05D-DE66-4EF7-89CE-8A5D302142F3}"
EndProject
Project("{2150E333-8FDC-42A3-9474-1A3956D46DE8}") = "Infrastructure.Persistence", "Infrastructure.Persistence", "{B05745A6-F3A7-4533-B227-93392E09B608}"
EndProject
Project("{2150E333-8FDC-42A3-9474-1A3956D46DE8}") = "Infrastructure.IoC", "Infrastructure.IoC", "{6D09F296-248D-4CC2-8E69-DE88959EAFCC}"
EndProject
Project("{9A19103F-16F7-4668-BE54-9A1E7A4F7556}") = "CLEAN.Presentation.MVC", "CLEAN.Presentation.MVC\CLEAN.Presentation.MVC.csproj", "{2CF4B01F-755F-42BA-8C86-06B31D16147A}"
EndProject
Project("{9A19103F-16F7-4668-BE54-9A1E7A4F7556}") = "CLEAN.Domain", "CLEAN.Domain.Entities\CLEAN.Domain.csproj", "{93B88389-EBC1-44FE-A5BF-65413B746B10}"
EndProject
Project("{9A19103F-16F7-4668-BE54-9A1E7A4F7556}") = "CLEAN.Infrastructure.Persistence", "CLEAN.Infrastructure.Persistence\CLEAN.Infrastructure.Persistence.csproj", "{CEC37E9E-5814-4C2A-9DFC-DDB36A5097E6}"
EndProject
Project("{FAE04EC0-301F-11D3-BF4B-00C04F79EFBC}") = "CLEAN.Application", "CLEAN.Application\CLEAN.Application.csproj", "{C386B592-A4CF-4953-8A3F-E6EB055AAE41}"
	ProjectSection(ProjectDependencies) = postProject
		{93B88389-EBC1-44FE-A5BF-65413B746B10} = {93B88389-EBC1-44FE-A5BF-65413B746B10}
	EndProjectSection
EndProject
Project("{FAE04EC0-301F-11D3-BF4B-00C04F79EFBC}") = "CLEAN.Infrastructure.IoC", "CLEAN.Infrastructure.IoC\CLEAN.Infrastructure.IoC.csproj", "{8CF7A61D-56FD-48C0-8ECB-256E280BC125}"
EndProject
Project("{2150E333-8FDC-42A3-9474-1A3956D46DE8}") = "Infrastructure.MessageBus", "Infrastructure.MessageBus", "{176FE472-4B79-4FD4-B17F-61B4194479CE}"
EndProject
Project("{FAE04EC0-301F-11D3-BF4B-00C04F79EFBC}") = "CLEAN.Infrastructure.MessageBus", "CLEAN.Infrastructure.MessageBus\CLEAN.Infrastructure.MessageBus.csproj", "{D3B6EE83-303C-4258-A307-E4771EA02C34}"
EndProject
Project("{FAE04EC0-301F-11D3-BF4B-00C04F79EFBC}") = "CLEAN.Domain.Core", "CLEAN.Domain.Core\CLEAN.Domain.Core.csproj", "{989C6CB4-2082-49C0-825E-32D791C0A442}"
EndProject
Project("{FAE04EC0-301F-11D3-BF4B-00C04F79EFBC}") = "CLEAN.Presentation.API", "CLEAN.Presentation.API\CLEAN.Presentation.API.csproj", "{F41C227C-BC83-4BCB-9E31-0FE200652F19}"
EndProject
Global
	GlobalSection(SolutionConfigurationPlatforms) = preSolution
		Debug|Any CPU = Debug|Any CPU
		Release|Any CPU = Release|Any CPU
	EndGlobalSection
	GlobalSection(ProjectConfigurationPlatforms) = postSolution
		{2CF4B01F-755F-42BA-8C86-06B31D16147A}.Debug|Any CPU.ActiveCfg = Debug|Any CPU
		{2CF4B01F-755F-42BA-8C86-06B31D16147A}.Debug|Any CPU.Build.0 = Debug|Any CPU
		{2CF4B01F-755F-42BA-8C86-06B31D16147A}.Release|Any CPU.ActiveCfg = Release|Any CPU
		{2CF4B01F-755F-42BA-8C86-06B31D16147A}.Release|Any CPU.Build.0 = Release|Any CPU
		{93B88389-EBC1-44FE-A5BF-65413B746B10}.Debug|Any CPU.ActiveCfg = Debug|Any CPU
		{93B88389-EBC1-44FE-A5BF-65413B746B10}.Debug|Any CPU.Build.0 = Debug|Any CPU
		{93B88389-EBC1-44FE-A5BF-65413B746B10}.Release|Any CPU.ActiveCfg = Release|Any CPU
		{93B88389-EBC1-44FE-A5BF-65413B746B10}.Release|Any CPU.Build.0 = Release|Any CPU
		{CEC37E9E-5814-4C2A-9DFC-DDB36A5097E6}.Debug|Any CPU.ActiveCfg = Debug|Any CPU
		{CEC37E9E-5814-4C2A-9DFC-DDB36A5097E6}.Debug|Any CPU.Build.0 = Debug|Any CPU
		{CEC37E9E-5814-4C2A-9DFC-DDB36A5097E6}.Release|Any CPU.ActiveCfg = Release|Any CPU
		{CEC37E9E-5814-4C2A-9DFC-DDB36A5097E6}.Release|Any CPU.Build.0 = Release|Any CPU
		{C386B592-A4CF-4953-8A3F-E6EB055AAE41}.Debug|Any CPU.ActiveCfg = Debug|Any CPU
		{C386B592-A4CF-4953-8A3F-E6EB055AAE41}.Debug|Any CPU.Build.0 = Debug|Any CPU
		{C386B592-A4CF-4953-8A3F-E6EB055AAE41}.Release|Any CPU.ActiveCfg = Release|Any CPU
		{C386B592-A4CF-4953-8A3F-E6EB055AAE41}.Release|Any CPU.Build.0 = Release|Any CPU
		{8CF7A61D-56FD-48C0-8ECB-256E280BC125}.Debug|Any CPU.ActiveCfg = Debug|Any CPU
		{8CF7A61D-56FD-48C0-8ECB-256E280BC125}.Debug|Any CPU.Build.0 = Debug|Any CPU
		{8CF7A61D-56FD-48C0-8ECB-256E280BC125}.Release|Any CPU.ActiveCfg = Release|Any CPU
		{8CF7A61D-56FD-48C0-8ECB-256E280BC125}.Release|Any CPU.Build.0 = Release|Any CPU
		{D3B6EE83-303C-4258-A307-E4771EA02C34}.Debug|Any CPU.ActiveCfg = Debug|Any CPU
		{D3B6EE83-303C-4258-A307-E4771EA02C34}.Debug|Any CPU.Build.0 = Debug|Any CPU
		{D3B6EE83-303C-4258-A307-E4771EA02C34}.Release|Any CPU.ActiveCfg = Release|Any CPU
		{D3B6EE83-303C-4258-A307-E4771EA02C34}.Release|Any CPU.Build.0 = Release|Any CPU
		{989C6CB4-2082-49C0-825E-32D791C0A442}.Debug|Any CPU.ActiveCfg = Debug|Any CPU
		{989C6CB4-2082-49C0-825E-32D791C0A442}.Debug|Any CPU.Build.0 = Debug|Any CPU
		{989C6CB4-2082-49C0-825E-32D791C0A442}.Release|Any CPU.ActiveCfg = Release|Any CPU
		{989C6CB4-2082-49C0-825E-32D791C0A442}.Release|Any CPU.Build.0 = Release|Any CPU
		{F41C227C-BC83-4BCB-9E31-0FE200652F19}.Debug|Any CPU.ActiveCfg = Debug|Any CPU
		{F41C227C-BC83-4BCB-9E31-0FE200652F19}.Debug|Any CPU.Build.0 = Debug|Any CPU
		{F41C227C-BC83-4BCB-9E31-0FE200652F19}.Release|Any CPU.ActiveCfg = Release|Any CPU
		{F41C227C-BC83-4BCB-9E31-0FE200652F19}.Release|Any CPU.Build.0 = Release|Any CPU
	EndGlobalSection
	GlobalSection(SolutionProperties) = preSolution
		HideSolutionNode = FALSE
	EndGlobalSection
	GlobalSection(NestedProjects) = preSolution
		{2CF4B01F-755F-42BA-8C86-06B31D16147A} = {AA01D05D-DE66-4EF7-89CE-8A5D302142F3}
		{93B88389-EBC1-44FE-A5BF-65413B746B10} = {0E54C4BA-53BE-439C-8536-D9412A019678}
		{CEC37E9E-5814-4C2A-9DFC-DDB36A5097E6} = {B05745A6-F3A7-4533-B227-93392E09B608}
		{C386B592-A4CF-4953-8A3F-E6EB055AAE41} = {3D864925-5C25-41BF-AA2A-9F8D38ECBC2C}
		{8CF7A61D-56FD-48C0-8ECB-256E280BC125} = {6D09F296-248D-4CC2-8E69-DE88959EAFCC}
		{D3B6EE83-303C-4258-A307-E4771EA02C34} = {176FE472-4B79-4FD4-B17F-61B4194479CE}
		{989C6CB4-2082-49C0-825E-32D791C0A442} = {0E54C4BA-53BE-439C-8536-D9412A019678}
		{F41C227C-BC83-4BCB-9E31-0FE200652F19} = {AA01D05D-DE66-4EF7-89CE-8A5D302142F3}
	EndGlobalSection
	GlobalSection(ExtensibilityGlobals) = postSolution
		SolutionGuid = {ABB7935C-6432-49B4-BD6B-1071A0789F63}
	EndGlobalSection
EndGlobal
